
Microsoft Visual Studio Solution File, Format Version 12.00
# Visual Studio Version 17
VisualStudioVersion = 17.10.35013.160
MinimumVisualStudioVersion = 10.0.40219.1
Project("{8BC9CEB8-8B4A-11D0-8D11-00A0C91BC942}") = "home-5-6-1", "home-5-6-1\home-5-6-1.vcxproj", "{00174289-57E6-454A-A5AD-C0AD14DDE333}"
EndProject
Global
	GlobalSection(SolutionConfigurationPlatforms) = preSolution
		Debug|x64 = Debug|x64
		Debug|x86 = Debug|x86
		Release|x64 = Release|x64
		Release|x86 = Release|x86
	EndGlobalSection
	GlobalSection(ProjectConfigurationPlatforms) = postSolution
		{00174289-57E6-454A-A5AD-C0AD14DDE333}.Debug|x64.ActiveCfg = Debug|x64
		{00174289-57E6-454A-A5AD-C0AD14DDE333}.Debug|x64.Build.0 = Debug|x64
		{00174289-57E6-454A-A5AD-C0AD14DDE333}.Debug|x86.ActiveCfg = Debug|Win32
		{00174289-57E6-454A-A5AD-C0AD14DDE333}.Debug|x86.Build.0 = Debug|Win32
		{00174289-57E6-454A-A5AD-C0AD14DDE333}.Release|x64.ActiveCfg = Release|x64
		{00174289-57E6-454A-A5AD-C0AD14DDE333}.Release|x64.Build.0 = Release|x64
		{00174289-57E6-454A-A5AD-C0AD14DDE333}.Release|x86.ActiveCfg = Release|Win32
		{00174289-57E6-454A-A5AD-C0AD14DDE333}.Release|x86.Build.0 = Release|Win32
	EndGlobalSection
	GlobalSection(SolutionProperties) = preSolution
		HideSolutionNode = FALSE
	EndGlobalSection
	GlobalSection(ExtensibilityGlobals) = postSolution
		SolutionGuid = {EFDA5EA8-4EE8-493E-BD06-A57103AB3029}
	EndGlobalSection
EndGlobal
